# THIS IS AN AUTOGENERATED FILE. DO NOT EDIT THIS FILE DIRECTLY.
# yarn lockfile v1


"@metamask/test-dapp@^5.6.0":
  version "5.6.0"
  resolved "https://registry.yarnpkg.com/@metamask/test-dapp/-/test-dapp-5.6.0.tgz#11e115689f0202166638458d8031bf29a650af48"
  integrity sha512-z7c2fmFgciNvtHRQxIGP4YilsxxJwVQGwrhy45ta7fmue9fZkGu9pOYJVbk4Lm6AT2JKIiNUTtcX3eyA0tfl9A==
